version = "0"

[dependency]
  cmake = [{ installer = "conan", ref = "cmake/3.30.2@silabs#8798657aa78b2da38a3ae465f2d10090", type = "apack", version = "3.30.2" }]
  gcc-arm-none-eabi = [{ installer = "conan", ref = "gcc-arm-none-eabi/12.2.rel1@silabs#a2910f647691a3764cd3e48412673f25", type = "toolchain", version = "12.2.rel1" }]
  ninja = [{ installer = "conan", ref = "ninja/1.12.1@silabs#9ce59e07a142d4da1c532b49742fe16d", type = "apack", version = "1.12.1" }]
  simplicity-sdk = [{ installer = "conan", ref = "simplicity-sdk/2025.12.0@silabs#d096dc3a04603f1ba814b2d6228fb6c1", type = "sdk", version = "2025.12.0" }]
  wiseconnect = [{ installer = "conan", ref = "wiseconnect/4.0.0@silabs#9f13ca3778dec2c0f4a19cdf0057774c", type = "sdk", version = "4.0.0" }]
  zap = [{ installer = "archive", type = "apack", version = "2025.12.02" }]

[engine]
  conan-repos = [
    "https://conan.silabs.net",
    "https://conan-prerelease.silabs.net/",
  ]
